// !$*UTF8*$!
{
	archiveVersion = 1;
	classes = {
	};
	objectVersion = 46;
	objects = {

/* Begin PBXBuildFile section */
		043F9E3528046991F2816343 /* libPods-WLImageBlurDemo.a in Frameworks */ = {isa = PBXBuildFile; fileRef = 213A3AC106229FFE2A2FEC7C /* libPods-WLImageBlurDemo.a */; };
		3D46954D1C85817B00DA7572 /* main.m in Sources */ = {isa = PBXBuildFile; fileRef = 3D46954C1C85817B00DA7572 /* main.m */; };
		3D4695501C85817B00DA7572 /* AppDelegate.m in Sources */ = {isa = PBXBuildFile; fileRef = 3D46954F1C85817B00DA7572 /* AppDelegate.m */; };
		3D4695531C85817B00DA7572 /* ViewController.m in Sources */ = {isa = PBXBuildFile; fileRef = 3D4695521C85817B00DA7572 /* ViewController.m */; };
		3D4695581C85817B00DA7572 /* Assets.xcassets in Resources */ = {isa = PBXBuildFile; fileRef = 3D4695571C85817B00DA7572 /* Assets.xcassets */; };
		3D46955B1C85817B00DA7572 /* LaunchScreen.storyboard in Resources */ = {isa = PBXBuildFile; fileRef = 3D4695591C85817B00DA7572 /* LaunchScreen.storyboard */; };
		3D4695661C85817B00DA7572 /* WLImageBlurDemoTests.m in Sources */ = {isa = PBXBuildFile; fileRef = 3D4695651C85817B00DA7572 /* WLImageBlurDemoTests.m */; };
		3D6267181C88A84000864940 /* UIImage+WLYEffects.m in Sources */ = {isa = PBXBuildFile; fileRef = 3D6267171C88A84000864940 /* UIImage+WLYEffects.m */; };
/* End PBXBuildFile section */

/* Begin PBXContainerItemProxy section */
		3D4695621C85817B00DA7572 /* PBXContainerItemProxy */ = {
			isa = PBXContainerItemProxy;
			containerPortal = 3D4695401C85817B00DA7572 /* Project object */;
			proxyType = 1;
			remoteGlobalIDString = 3D4695471C85817B00DA7572;
			remoteInfo = WLImageBlurDemo;
		};
/* End PBXContainerItemProxy section */

/* Begin PBXFileReference section */
		213A3AC106229FFE2A2FEC7C /* libPods-WLImageBlurDemo.a */ = {isa = PBXFileReference; explicitFileType = archive.ar; includeInIndex = 0; path = "libPods-WLImageBlurDemo.a"; sourceTree = BUILT_PRODUCTS_DIR; };
		3D4695481C85817B00DA7572 /* WLImageBlurDemo.app */ = {isa = PBXFileReference; explicitFileType = wrapper.application; includeInIndex = 0; path = WLImageBlurDemo.app; sourceTree = BUILT_PRODUCTS_DIR; };
		3D46954C1C85817B00DA7572 /* main.m */ = {isa = PBXFileReference; lastKnownFileType = sourcecode.c.objc; path = main.m; sourceTree = "<group>"; };
		3D46954E1C85817B00DA7572 /* AppDelegate.h */ = {isa = PBXFileReference; lastKnownFileType = sourcecode.c.h; path = AppDelegate.h; sourceTree = "<group>"; };
		3D46954F1C85817B00DA7572 /* AppDelegate.m */ = {isa = PBXFileReference; lastKnownFileType = sourcecode.c.objc; path = AppDelegate.m; sourceTree = "<group>"; };
		3D4695511C85817B00DA7572 /* ViewController.h */ = {isa = PBXFileReference; lastKnownFileType = sourcecode.c.h; path = ViewController.h; sourceTree = "<group>"; };
		3D4695521C85817B00DA7572 /* ViewController.m */ = {isa = PBXFileReference; lastKnownFileType = sourcecode.c.objc; path = ViewController.m; sourceTree = "<group>"; };
		3D4695571C85817B00DA7572 /* Assets.xcassets */ = {isa = PBXFileReference; lastKnownFileType = folder.assetcatalog; path = Assets.xcassets; sourceTree = "<group>"; };
		3D46955A1C85817B00DA7572 /* Base */ = {isa = PBXFileReference; lastKnownFileType = file.storyboard; name = Base; path = Base.lproj/LaunchScreen.storyboard; sourceTree = "<group>"; };
		3D46955C1C85817B00DA7572 /* Info.plist */ = {isa = PBXFileReference; lastKnownFileType = text.plist.xml; path = Info.plist; sourceTree = "<group>"; };
		3D4695611C85817B00DA7572 /* WLImageBlurDemoTests.xctest */ = {isa = PBXFileReference; explicitFileType = wrapper.cfbundle; includeInIndex = 0; path = WLImageBlurDemoTests.xctest; sourceTree = BUILT_PRODUCTS_DIR; };
		3D4695651C85817B00DA7572 /* WLImageBlurDemoTests.m */ = {isa = PBXFileReference; lastKnownFileType = sourcecode.c.objc; path = WLImageBlurDemoTests.m; sourceTree = "<group>"; };
		3D4695671C85817B00DA7572 /* Info.plist */ = {isa = PBXFileReference; lastKnownFileType = text.plist.xml; path = Info.plist; sourceTree = "<group>"; };
		3D6267161C88A84000864940 /* UIImage+WLYEffects.h */ = {isa = PBXFileReference; fileEncoding = 4; lastKnownFileType = sourcecode.c.h; path = "UIImage+WLYEffects.h"; sourceTree = "<group>"; };
		3D6267171C88A84000864940 /* UIImage+WLYEffects.m */ = {isa = PBXFileReference; fileEncoding = 4; lastKnownFileType = sourcecode.c.objc; path = "UIImage+WLYEffects.m"; sourceTree = "<group>"; };
		5C2929E69F32CB2EACD13126 /* Pods-WLImageBlurDemo.release.xcconfig */ = {isa = PBXFileReference; includeInIndex = 1; lastKnownFileType = text.xcconfig; name = "Pods-WLImageBlurDemo.release.xcconfig"; path = "Pods/Target Support Files/Pods-WLImageBlurDemo/Pods-WLImageBlurDemo.release.xcconfig"; sourceTree = "<group>"; };
		D57A1391ED3024836A3508D5 /* Pods-WLImageBlurDemo.debug.xcconfig */ = {isa = PBXFileReference; includeInIndex = 1; lastKnownFileType = text.xcconfig; name = "Pods-WLImageBlurDemo.debug.xcconfig"; path = "Pods/Target Support Files/Pods-WLImageBlurDemo/Pods-WLImageBlurDemo.debug.xcconfig"; sourceTree = "<group>"; };
/* End PBXFileReference section */

/* Begin PBXFrameworksBuildPhase section */
		3D4695451C85817B00DA7572 /* Frameworks */ = {
			isa = PBXFrameworksBuildPhase;
			buildActionMask = 2147483647;
			files = (
				043F9E3528046991F2816343 /* libPods-WLImageBlurDemo.a in Frameworks */,
			);
			runOnlyForDeploymentPostprocessing = 0;
		};
		3D46955E1C85817B00DA7572 /* Frameworks */ = {
			isa = PBXFrameworksBuildPhase;
			buildActionMask = 2147483647;
			files = (
			);
			runOnlyForDeploymentPostprocessing = 0;
		};
/* End PBXFrameworksBuildPhase section */

/* Begin PBXGroup section */
		3D46953F1C85817B00DA7572 = {
			isa = PBXGroup;
			children = (
				3D46957B1C858F3F00DA7572 /* Frameworks */,
				3D46954A1C85817B00DA7572 /* WLImageBlurDemo */,
				3D4695641C85817B00DA7572 /* WLImageBlurDemoTests */,
				3D4695491C85817B00DA7572 /* Products */,
				9FA984944823DA862BE39213 /* Pods */,
			);
			sourceTree = "<group>";
		};
		3D4695491C85817B00DA7572 /* Products */ = {
			isa = PBXGroup;
			children = (
				3D4695481C85817B00DA7572 /* WLImageBlurDemo.app */,
				3D4695611C85817B00DA7572 /* WLImageBlurDemoTests.xctest */,
			);
			name = Products;
			sourceTree = "<group>";
		};
		3D46954A1C85817B00DA7572 /* WLImageBlurDemo */ = {
			isa = PBXGroup;
			children = (
				3D46954E1C85817B00DA7572 /* AppDelegate.h */,
				3D46954F1C85817B00DA7572 /* AppDelegate.m */,
				3D4695511C85817B00DA7572 /* ViewController.h */,
				3D4695521C85817B00DA7572 /* ViewController.m */,
				3D6267161C88A84000864940 /* UIImage+WLYEffects.h */,
				3D6267171C88A84000864940 /* UIImage+WLYEffects.m */,
				3D4695571C85817B00DA7572 /* Assets.xcassets */,
				3D4695591C85817B00DA7572 /* LaunchScreen.storyboard */,
				3D46955C1C85817B00DA7572 /* Info.plist */,
				3D46954B1C85817B00DA7572 /* Supporting Files */,
			);
			path = WLImageBlurDemo;
			sourceTree = "<group>";
		};
		3D46954B1C85817B00DA7572 /* Supporting Files */ = {
			isa = PBXGroup;
			children = (
				3D46954C1C85817B00DA7572 /* main.m */,
			);
			name = "Supporting Files";
			sourceTree = "<group>";
		};
		3D4695641C85817B00DA7572 /* WLImageBlurDemoTests */ = {
			isa = PBXGroup;
			children = (
				3D4695651C85817B00DA7572 /* WLImageBlurDemoTests.m */,
				3D4695671C85817B00DA7572 /* Info.plist */,
			);
			path = WLImageBlurDemoTests;
			sourceTree = "<group>";
		};
		3D46957B1C858F3F00DA7572 /* Frameworks */ = {
			isa = PBXGroup;
			children = (
				213A3AC106229FFE2A2FEC7C /* libPods-WLImageBlurDemo.a */,
			);
			name = Frameworks;
			sourceTree = "<group>";
		};
		9FA984944823DA862BE39213 /* Pods */ = {
			isa = PBXGroup;
			children = (
				D57A1391ED3024836A3508D5 /* Pods-WLImageBlurDemo.debug.xcconfig */,
				5C2929E69F32CB2EACD13126 /* Pods-WLImageBlurDemo.release.xcconfig */,
			);
			name = Pods;
			sourceTree = "<group>";
		};
/* End PBXGroup section */

/* Begin PBXNativeTarget section */
		3D4695471C85817B00DA7572 /* WLImageBlurDemo */ = {
			isa = PBXNativeTarget;
			buildConfigurationList = 3D46956A1C85817B00DA7572 /* Build configuration list for PBXNativeTarget "WLImageBlurDemo" */;
			buildPhases = (
				31E360EC8F6F47680719A4F4 /* Check Pods Manifest.lock */,
				3D4695441C85817B00DA7572 /* Sources */,
				3D4695451C85817B00DA7572 /* Frameworks */,
				3D4695461C85817B00DA7572 /* Resources */,
				92313570F5757F754CBE96C6 /* Copy Pods Resources */,
			);
			buildRules = (
			);
			dependencies = (
			);
			name = WLImageBlurDemo;
			productName = WLImageBlurDemo;
			productReference = 3D4695481C85817B00DA7572 /* WLImageBlurDemo.app */;
			productType = "com.apple.product-type.application";
		};
		3D4695601C85817B00DA7572 /* WLImageBlurDemoTests */ = {
			isa = PBXNativeTarget;
			buildConfigurationList = 3D46956D1C85817B00DA7572 /* Build configuration list for PBXNativeTarget "WLImageBlurDemoTests" */;
			buildPhases = (
				3D46955D1C85817B00DA7572 /* Sources */,
				3D46955E1C85817B00DA7572 /* Frameworks */,
				3D46955F1C85817B00DA7572 /* Resources */,
			);
			buildRules = (
			);
			dependencies = (
				3D4695631C85817B00DA7572 /* PBXTargetDependency */,
			);
			name = WLImageBlurDemoTests;
			productName = WLImageBlurDemoTests;
			productReference = 3D4695611C85817B00DA7572 /* WLImageBlurDemoTests.xctest */;
			productType = "com.apple.product-type.bundle.unit-test";
		};
/* End PBXNativeTarget section */

/* Begin PBXProject section */
		3D4695401C85817B00DA7572 /* Project object */ = {
			isa = PBXProject;
			attributes = {
				LastUpgradeCheck = 0720;
				ORGANIZATIONNAME = lane128;
				TargetAttributes = {
					3D4695471C85817B00DA7572 = {
						CreatedOnToolsVersion = 7.2.1;
					};
					3D4695601C85817B00DA7572 = {
						CreatedOnToolsVersion = 7.2.1;
						TestTargetID = 3D4695471C85817B00DA7572;
					};
				};
			};
			buildConfigurationList = 3D4695431C85817B00DA7572 /* Build configuration list for PBXProject "WLImageBlurDemo" */;
			compatibilityVersion = "Xcode 3.2";
			developmentRegion = English;
			hasScannedForEncodings = 0;
			knownRegions = (
				en,
				Base,
			);
			mainGroup = 3D46953F1C85817B00DA7572;
			productRefGroup = 3D4695491C85817B00DA7572 /* Products */;
			projectDirPath = "";
			projectRoot = "";
			targets = (
				3D4695471C85817B00DA7572 /* WLImageBlurDemo */,
				3D4695601C85817B00DA7572 /* WLImageBlurDemoTests */,
			);
		};
/* End PBXProject section */

/* Begin PBXResourcesBuildPhase section */
		3D4695461C85817B00DA7572 /* Resources */ = {
			isa = PBXResourcesBuildPhase;
			buildActionMask = 2147483647;
			files = (
				3D46955B1C85817B00DA7572 /* LaunchScreen.storyboard in Resources */,
				3D4695581C85817B00DA7572 /* Assets.xcassets in Resources */,
			);
			runOnlyForDeploymentPostprocessing = 0;
		};
		3D46955F1C85817B00DA7572 /* Resources */ = {
			isa = PBXResourcesBuildPhase;
			buildActionMask = 2147483647;
			files = (
			);
			runOnlyForDeploymentPostprocessing = 0;
		};
/* End PBXResourcesBuildPhase section */

/* Begin PBXShellScriptBuildPhase section */
		31E360EC8F6F47680719A4F4 /* Check Pods Manifest.lock */ = {
			isa = PBXShellScriptBuildPhase;
			buildActionMask = 2147483647;
			files = (
			);
			inputPaths = (
			);
			name = "Check Pods Manifest.lock";
			outputPaths = (
			);
			runOnlyForDeploymentPostprocessing = 0;
			shellPath = /bin/sh;
			shellScript = "diff \"${PODS_ROOT}/../Podfile.lock\" \"${PODS_ROOT}/Manifest.lock\" > /dev/null\nif [[ $? != 0 ]] ; then\n    cat << EOM\nerror: The sandbox is not in sync with the Podfile.lock. Run 'pod install' or update your CocoaPods installation.\nEOM\n    exit 1\nfi\n";
			showEnvVarsInLog = 0;
		};
		92313570F5757F754CBE96C6 /* Copy Pods Resources */ = {
			isa = PBXShellScriptBuildPhase;
			buildActionMask = 2147483647;
			files = (
			);
			inputPaths = (
			);
			name = "Copy Pods Resources";
			outputPaths = (
			);
			runOnlyForDeploymentPostprocessing = 0;
			shellPath = /bin/sh;
			shellScript = "\"${SRCROOT}/Pods/Target Support Files/Pods-WLImageBlurDemo/Pods-WLImageBlurDemo-resources.sh\"\n";
			showEnvVarsInLog = 0;
		};
/* End PBXShellScriptBuildPhase section */

/* Begin PBXSourcesBuildPhase section */
		3D4695441C85817B00DA7572 /* Sources */ = {
			isa = PBXSourcesBuildPhase;
			buildActionMask = 2147483647;
			files = (
				3D4695531C85817B00DA7572 /* ViewController.m in Sources */,
				3D4695501C85817B00DA7572 /* AppDelegate.m in Sources */,
				3D6267181C88A84000864940 /* UIImage+WLYEffects.m in Sources */,
				3D46954D1C85817B00DA7572 /* main.m in Sources */,
			);
			runOnlyForDeploymentPostprocessing = 0;
		};
		3D46955D1C85817B00DA7572 /* Sources */ = {
			isa = PBXSourcesBuildPhase;
			buildActionMask = 2147483647;
			files = (
				3D4695661C85817B00DA7572 /* WLImageBlurDemoTests.m in Sources */,
			);
			runOnlyForDeploymentPostprocessing = 0;
		};
/* End PBXSourcesBuildPhase section */

/* Begin PBXTargetDependency section */
		3D4695631C85817B00DA7572 /* PBXTargetDependency */ = {
			isa = PBXTargetDependency;
			target = 3D4695471C85817B00DA7572 /* WLImageBlurDemo */;
			targetProxy = 3D4695621C85817B00DA7572 /* PBXContainerItemProxy */;
		};
/* End PBXTargetDependency section */

/* Begin PBXVariantGroup section */
		3D4695591C85817B00DA7572 /* LaunchScreen.storyboard */ = {
			isa = PBXVariantGroup;
			children = (
				3D46955A1C85817B00DA7572 /* Base */,
			);
			name = LaunchScreen.storyboard;
			sourceTree = "<group>";
		};
/* End PBXVariantGroup section */

/* Begin XCBuildConfiguration section */
		3D4695681C85817B00DA7572 /* Debug */ = {
			isa = XCBuildConfiguration;
			buildSettings = {
				ALWAYS_SEARCH_USER_PATHS = NO;
				CLANG_CXX_LANGUAGE_STANDARD = "gnu++0x";
				CLANG_CXX_LIBRARY = "libc++";
				CLANG_ENABLE_MODULES = YES;
				CLANG_ENABLE_OBJC_ARC = YES;
				CLANG_WARN_BOOL_CONVERSION = YES;
				CLANG_WARN_CONSTANT_CONVERSION = YES;
				CLANG_WARN_DIRECT_OBJC_ISA_USAGE = YES_ERROR;
				CLANG_WARN_EMPTY_BODY = YES;
				CLANG_WARN_ENUM_CONVERSION = YES;
				CLANG_WARN_INT_CONVERSION = YES;
				CLANG_WARN_OBJC_ROOT_CLASS = YES_ERROR;
				CLANG_WARN_UNREACHABLE_CODE = YES;
				CLANG_WARN__DUPLICATE_METHOD_MATCH = YES;
				"CODE_SIGN_IDENTITY[sdk=iphoneos*]" = "iPhone Developer";
				COPY_PHASE_STRIP = NO;
				DEBUG_INFORMATION_FORMAT = dwarf;
				ENABLE_STRICT_OBJC_MSGSEND = YES;
				ENABLE_TESTABILITY = YES;
				GCC_C_LANGUAGE_STANDARD = gnu99;
				GCC_DYNAMIC_NO_PIC = NO;
				GCC_NO_COMMON_BLOCKS = YES;
				GCC_OPTIMIZATION_LEVEL = 0;
				GCC_PREPROCESSOR_DEFINITIONS = (
					"DEBUG=1",
					"$(inherited)",
				);
				GCC_WARN_64_TO_32_BIT_CONVERSION = YES;
				GCC_WARN_ABOUT_RETURN_TYPE = YES_ERROR;
				GCC_WARN_UNDECLARED_SELECTOR = YES;
				GCC_WARN_UNINITIALIZED_AUTOS = YES_AGGRESSIVE;
				GCC_WARN_UNUSED_FUNCTION = YES;
				GCC_WARN_UNUSED_VARIABLE = YES;
				IPHONEOS_DEPLOYMENT_TARGET = 7.0;
				MTL_ENABLE_DEBUG_INFO = YES;
				ONLY_ACTIVE_ARCH = YES;
				SDKROOT = iphoneos;
			};
			name = Debug;
		};
		3D4695691C85817B00DA7572 /* Release */ = {
			isa = XCBuildConfiguration;
			buildSettings = {
				ALWAYS_SEARCH_USER_PATHS = NO;
				CLANG_CXX_LANGUAGE_STANDARD = "gnu++0x";
				CLANG_CXX_LIBRARY = "libc++";
				CLANG_ENABLE_MODULES = YES;
				CLANG_ENABLE_OBJC_ARC = YES;
				CLANG_WARN_BOOL_CONVERSION = YES;
				CLANG_WARN_CONSTANT_CONVERSION = YES;
				CLANG_WARN_DIRECT_OBJC_ISA_USAGE = YES_ERROR;
				CLANG_WARN_EMPTY_BODY = YES;
				CLANG_WARN_ENUM_CONVERSION = YES;
				CLANG_WARN_INT_CONVERSION = YES;
				CLANG_WARN_OBJC_ROOT_CLASS = YES_ERROR;
				CLANG_WARN_UNREACHABLE_CODE = YES;
				CLANG_WARN__DUPLICATE_METHOD_MATCH = YES;
				"CODE_SIGN_IDENTITY[sdk=iphoneos*]" = "iPhone Developer";
				COPY_PHASE_STRIP = NO;
				DEBUG_INFORMATION_FORMAT = "dwarf-with-dsym";
				ENABLE_NS_ASSERTIONS = NO;
				ENABLE_STRICT_OBJC_MSGSEND = YES;
				GCC_C_LANGUAGE_STANDARD = gnu99;
				GCC_NO_COMMON_BLOCKS = YES;
				GCC_WARN_64_TO_32_BIT_CONVERSION = YES;
				GCC_WARN_ABOUT_RETURN_TYPE = YES_ERROR;
				GCC_WARN_UNDECLARED_SELECTOR = YES;
				GCC_WARN_UNINITIALIZED_AUTOS = YES_AGGRESSIVE;
				GCC_WARN_UNUSED_FUNCTION = YES;
				GCC_WARN_UNUSED_VARIABLE = YES;
				IPHONEOS_DEPLOYMENT_TARGET = 7.0;
				MTL_ENABLE_DEBUG_INFO = NO;
				SDKROOT = iphoneos;
				VALIDATE_PRODUCT = YES;
			};
			name = Release;
		};
		3D46956B1C85817B00DA7572 /* Debug */ = {
			isa = XCBuildConfiguration;
			baseConfigurationReference = D57A1391ED3024836A3508D5 /* Pods-WLImageBlurDemo.debug.xcconfig */;
			buildSettings = {
				ASSETCATALOG_COMPILER_APPICON_NAME = AppIcon;
				INFOPLIST_FILE = WLImageBlurDemo/Info.plist;
				IPHONEOS_DEPLOYMENT_TARGET = 7.0;
				LD_RUNPATH_SEARCH_PATHS = "$(inherited) @executable_path/Frameworks";
				PRODUCT_BUNDLE_IDENTIFIER = com.lane128.WLImageBlurDemo;
				PRODUCT_NAME = "$(TARGET_NAME)";
			};
			name = Debug;
		};
		3D46956C1C85817B00DA7572 /* Release */ = {
			isa = XCBuildConfiguration;
			baseConfigurationReference = 5C2929E69F32CB2EACD13126 /* Pods-WLImageBlurDemo.release.xcconfig */;
			buildSettings = {
				ASSETCATALOG_COMPILER_APPICON_NAME = AppIcon;
				INFOPLIST_FILE = WLImageBlurDemo/Info.plist;
				IPHONEOS_DEPLOYMENT_TARGET = 7.0;
				LD_RUNPATH_SEARCH_PATHS = "$(inherited) @executable_path/Frameworks";
				PRODUCT_BUNDLE_IDENTIFIER = com.lane128.WLImageBlurDemo;
				PRODUCT_NAME = "$(TARGET_NAME)";
			};
			name = Release;
		};
		3D46956E1C85817B00DA7572 /* Debug */ = {
			isa = XCBuildConfiguration;
			buildSettings = {
				BUNDLE_LOADER = "$(TEST_HOST)";
				INFOPLIST_FILE = WLImageBlurDemoTests/Info.plist;
				LD_RUNPATH_SEARCH_PATHS = "$(inherited) @executable_path/Frameworks @loader_path/Frameworks";
				PRODUCT_BUNDLE_IDENTIFIER = com.lane128.WLImageBlurDemoTests;
				PRODUCT_NAME = "$(TARGET_NAME)";
				TEST_HOST = "$(BUILT_PRODUCTS_DIR)/WLImageBlurDemo.app/WLImageBlurDemo";
			};
			name = Debug;
		};
		3D46956F1C85817B00DA7572 /* Release */ = {
			isa = XCBuildConfiguration;
			buildSettings = {
				BUNDLE_LOADER = "$(TEST_HOST)";
				INFOPLIST_FILE = WLImageBlurDemoTests/Info.plist;
				LD_RUNPATH_SEARCH_PATHS = "$(inherited) @executable_path/Frameworks @loader_path/Frameworks";
				PRODUCT_BUNDLE_IDENTIFIER = com.lane128.WLImageBlurDemoTests;
				PRODUCT_NAME = "$(TARGET_NAME)";
				TEST_HOST = "$(BUILT_PRODUCTS_DIR)/WLImageBlurDemo.app/WLImageBlurDemo";
			};
			name = Release;
		};
/* End XCBuildConfiguration section */

/* Begin XCConfigurationList section */
		3D4695431C85817B00DA7572 /* Build configuration list for PBXProject "WLImageBlurDemo" */ = {
			isa = XCConfigurationList;
			buildConfigurations = (
				3D4695681C85817B00DA7572 /* Debug */,
				3D4695691C85817B00DA7572 /* Release */,
			);
			defaultConfigurationIsVisible = 0;
			defaultConfigurationName = Release;
		};
		3D46956A1C85817B00DA7572 /* Build configuration list for PBXNativeTarget "WLImageBlurDemo" */ = {
			isa = XCConfigurationList;
			buildConfigurations = (
				3D46956B1C85817B00DA7572 /* Debug */,
				3D46956C1C85817B00DA7572 /* Release */,
			);
			defaultConfigurationIsVisible = 0;
			defaultConfigurationName = Release;
		};
		3D46956D1C85817B00DA7572 /* Build configuration list for PBXNativeTarget "WLImageBlurDemoTests" */ = {
			isa = XCConfigurationList;
			buildConfigurations = (
				3D46956E1C85817B00DA7572 /* Debug */,
				3D46956F1C85817B00DA7572 /* Release */,
			);
			defaultConfigurationIsVisible = 0;
			defaultConfigurationName = Release;
		};
/* End XCConfigurationList section */
	};
	rootObject = 3D4695401C85817B00DA7572 /* Project object */;
}
